// !$*UTF8*$!
{
	archiveVersion = 1;
	classes = {
	};
	objectVersion = 77;
	objects = {

/* Begin PBXContainerItemProxy section */
		2F393E302CFBD2ED007B571A /* PBXContainerItemProxy */ = {
			isa = PBXContainerItemProxy;
			containerPortal = 2F393E172CFBD2EB007B571A /* Project object */;
			proxyType = 1;
			remoteGlobalIDString = 2F393E1E2CFBD2EB007B571A;
			remoteInfo = weather_cgx;
		};
		2F393E3A2CFBD2ED007B571A /* PBXContainerItemProxy */ = {
			isa = PBXContainerItemProxy;
			containerPortal = 2F393E172CFBD2EB007B571A /* Project object */;
			proxyType = 1;
			remoteGlobalIDString = 2F393E1E2CFBD2EB007B571A;
			remoteInfo = weather_cgx;
		};
/* End PBXContainerItemProxy section */

/* Begin PBXFileReference section */
		2F393E1F2CFBD2EB007B571A /* weather_cgx.app */ = {isa = PBXFileReference; explicitFileType = wrapper.application; includeInIndex = 0; path = weather_cgx.app; sourceTree = BUILT_PRODUCTS_DIR; };
		2F393E2F2CFBD2ED007B571A /* weather_cgxTests.xctest */ = {isa = PBXFileReference; explicitFileType = wrapper.cfbundle; includeInIndex = 0; path = weather_cgxTests.xctest; sourceTree = BUILT_PRODUCTS_DIR; };
		2F393E392CFBD2ED007B571A /* weather_cgxUITests.xctest */ = {isa = PBXFileReference; explicitFileType = wrapper.cfbundle; includeInIndex = 0; path = weather_cgxUITests.xctest; sourceTree = BUILT_PRODUCTS_DIR; };
/* End PBXFileReference section */

/* Begin PBXFileSystemSynchronizedRootGroup section */
		2F393E212CFBD2EB007B571A /* weather_cgx */ = {
			isa = PBXFileSystemSynchronizedRootGroup;
			path = weather_cgx;
			sourceTree = "<group>";
		};
		2F393E322CFBD2ED007B571A /* weather_cgxTests */ = {
			isa = PBXFileSystemSynchronizedRootGroup;
			path = weather_cgxTests;
			sourceTree = "<group>";
		};
		2F393E3C2CFBD2ED007B571A /* weather_cgxUITests */ = {
			isa = PBXFileSystemSynchronizedRootGroup;
			path = weather_cgxUITests;
			sourceTree = "<group>";
		};
/* End PBXFileSystemSynchronizedRootGroup section */

/* Begin PBXFrameworksBuildPhase section */
		2F393E1C2CFBD2EB007B571A /* Frameworks */ = {
			isa = PBXFrameworksBuildPhase;
			buildActionMask = 2147483647;
			files = (
			);
			runOnlyForDeploymentPostprocessing = 0;
		};
		2F393E2C2CFBD2ED007B571A /* Frameworks */ = {
			isa = PBXFrameworksBuildPhase;
			buildActionMask = 2147483647;
			files = (
			);
			runOnlyForDeploymentPostprocessing = 0;
		};
		2F393E362CFBD2ED007B571A /* Frameworks */ = {
			isa = PBXFrameworksBuildPhase;
			buildActionMask = 2147483647;
			files = (
			);
			runOnlyForDeploymentPostprocessing = 0;
		};
/* End PBXFrameworksBuildPhase section */

/* Begin PBXGroup section */
		2F393E162CFBD2EB007B571A = {
			isa = PBXGroup;
			children = (
				2F393E212CFBD2EB007B571A /* weather_cgx */,
				2F393E322CFBD2ED007B571A /* weather_cgxTests */,
				2F393E3C2CFBD2ED007B571A /* weather_cgxUITests */,
				2F393E202CFBD2EB007B571A /* Products */,
			);
			sourceTree = "<group>";
		};
		2F393E202CFBD2EB007B571A /* Products */ = {
			isa = PBXGroup;
			children = (
				2F393E1F2CFBD2EB007B571A /* weather_cgx.app */,
				2F393E2F2CFBD2ED007B571A /* weather_cgxTests.xctest */,
				2F393E392CFBD2ED007B571A /* weather_cgxUITests.xctest */,
			);
			name = Products;
			sourceTree = "<group>";
		};
/* End PBXGroup section */

/* Begin PBXNativeTarget section */
		2F393E1E2CFBD2EB007B571A /* weather_cgx */ = {
			isa = PBXNativeTarget;
			buildConfigurationList = 2F393E432CFBD2ED007B571A /* Build configuration list for PBXNativeTarget "weather_cgx" */;
			buildPhases = (
				2F393E1B2CFBD2EB007B571A /* Sources */,
				2F393E1C2CFBD2EB007B571A /* Frameworks */,
				2F393E1D2CFBD2EB007B571A /* Resources */,
			);
			buildRules = (
			);
			dependencies = (
			);
			fileSystemSynchronizedGroups = (
				2F393E212CFBD2EB007B571A /* weather_cgx */,
			);
			name = weather_cgx;
			packageProductDependencies = (
			);
			productName = weather_cgx;
			productReference = 2F393E1F2CFBD2EB007B571A /* weather_cgx.app */;
			productType = "com.apple.product-type.application";
		};
		2F393E2E2CFBD2ED007B571A /* weather_cgxTests */ = {
			isa = PBXNativeTarget;
			buildConfigurationList = 2F393E462CFBD2ED007B571A /* Build configuration list for PBXNativeTarget "weather_cgxTests" */;
			buildPhases = (
				2F393E2B2CFBD2ED007B571A /* Sources */,
				2F393E2C2CFBD2ED007B571A /* Frameworks */,
				2F393E2D2CFBD2ED007B571A /* Resources */,
			);
			buildRules = (
			);
			dependencies = (
				2F393E312CFBD2ED007B571A /* PBXTargetDependency */,
			);
			fileSystemSynchronizedGroups = (
				2F393E322CFBD2ED007B571A /* weather_cgxTests */,
			);
			name = weather_cgxTests;
			packageProductDependencies = (
			);
			productName = weather_cgxTests;
			productReference = 2F393E2F2CFBD2ED007B571A /* weather_cgxTests.xctest */;
			productType = "com.apple.product-type.bundle.unit-test";
		};
		2F393E382CFBD2ED007B571A /* weather_cgxUITests */ = {
			isa = PBXNativeTarget;
			buildConfigurationList = 2F393E492CFBD2ED007B571A /* Build configuration list for PBXNativeTarget "weather_cgxUITests" */;
			buildPhases = (
				2F393E352CFBD2ED007B571A /* Sources */,
				2F393E362CFBD2ED007B571A /* Frameworks */,
				2F393E372CFBD2ED007B571A /* Resources */,
			);
			buildRules = (
			);
			dependencies = (
				2F393E3B2CFBD2ED007B571A /* PBXTargetDependency */,
			);
			fileSystemSynchronizedGroups = (
				2F393E3C2CFBD2ED007B571A /* weather_cgxUITests */,
			);
			name = weather_cgxUITests;
			packageProductDependencies = (
			);
			productName = weather_cgxUITests;
			productReference = 2F393E392CFBD2ED007B571A /* weather_cgxUITests.xctest */;
			productType = "com.apple.product-type.bundle.ui-testing";
		};
/* End PBXNativeTarget section */

/* Begin PBXProject section */
		2F393E172CFBD2EB007B571A /* Project object */ = {
			isa = PBXProject;
			attributes = {
				BuildIndependentTargetsInParallel = 1;
				LastSwiftUpdateCheck = 1610;
				LastUpgradeCheck = 1610;
				TargetAttributes = {
					2F393E1E2CFBD2EB007B571A = {
						CreatedOnToolsVersion = 16.1;
					};
					2F393E2E2CFBD2ED007B571A = {
						CreatedOnToolsVersion = 16.1;
						TestTargetID = 2F393E1E2CFBD2EB007B571A;
					};
					2F393E382CFBD2ED007B571A = {
						CreatedOnToolsVersion = 16.1;
						TestTargetID = 2F393E1E2CFBD2EB007B571A;
					};
				};
			};
			buildConfigurationList = 2F393E1A2CFBD2EB007B571A /* Build configuration list for PBXProject "weather_cgx" */;
			developmentRegion = en;
			hasScannedForEncodings = 0;
			knownRegions = (
				en,
				Base,
			);
			mainGroup = 2F393E162CFBD2EB007B571A;
			minimizedProjectReferenceProxies = 1;
			preferredProjectObjectVersion = 77;
			productRefGroup = 2F393E202CFBD2EB007B571A /* Products */;
			projectDirPath = "";
			projectRoot = "";
			targets = (
				2F393E1E2CFBD2EB007B571A /* weather_cgx */,
				2F393E2E2CFBD2ED007B571A /* weather_cgxTests */,
				2F393E382CFBD2ED007B571A /* weather_cgxUITests */,
			);
		};
/* End PBXProject section */

/* Begin PBXResourcesBuildPhase section */
		2F393E1D2CFBD2EB007B571A /* Resources */ = {
			isa = PBXResourcesBuildPhase;
			buildActionMask = 2147483647;
			files = (
			);
			runOnlyForDeploymentPostprocessing = 0;
		};
		2F393E2D2CFBD2ED007B571A /* Resources */ = {
			isa = PBXResourcesBuildPhase;
			buildActionMask = 2147483647;
			files = (
			);
			runOnlyForDeploymentPostprocessing = 0;
		};
		2F393E372CFBD2ED007B571A /* Resources */ = {
			isa = PBXResourcesBuildPhase;
			buildActionMask = 2147483647;
			files = (
			);
			runOnlyForDeploymentPostprocessing = 0;
		};
/* End PBXResourcesBuildPhase section */

/* Begin PBXSourcesBuildPhase section */
		2F393E1B2CFBD2EB007B571A /* Sources */ = {
			isa = PBXSourcesBuildPhase;
			buildActionMask = 2147483647;
			files = (
			);
			runOnlyForDeploymentPostprocessing = 0;
		};
		2F393E2B2CFBD2ED007B571A /* Sources */ = {
			isa = PBXSourcesBuildPhase;
			buildActionMask = 2147483647;
			files = (
			);
			runOnlyForDeploymentPostprocessing = 0;
		};
		2F393E352CFBD2ED007B571A /* Sources */ = {
			isa = PBXSourcesBuildPhase;
			buildActionMask = 2147483647;
			files = (
			);
			runOnlyForDeploymentPostprocessing = 0;
		};
/* End PBXSourcesBuildPhase section */

/* Begin PBXTargetDependency section */
		2F393E312CFBD2ED007B571A /* PBXTargetDependency */ = {
			isa = PBXTargetDependency;
			target = 2F393E1E2CFBD2EB007B571A /* weather_cgx */;
			targetProxy = 2F393E302CFBD2ED007B571A /* PBXContainerItemProxy */;
		};
		2F393E3B2CFBD2ED007B571A /* PBXTargetDependency */ = {
			isa = PBXTargetDependency;
			target = 2F393E1E2CFBD2EB007B571A /* weather_cgx */;
			targetProxy = 2F393E3A2CFBD2ED007B571A /* PBXContainerItemProxy */;
		};
/* End PBXTargetDependency section */

/* Begin XCBuildConfiguration section */
		2F393E412CFBD2ED007B571A /* Debug */ = {
			isa = XCBuildConfiguration;
			buildSettings = {
				ALWAYS_SEARCH_USER_PATHS = NO;
				ASSETCATALOG_COMPILER_GENERATE_SWIFT_ASSET_SYMBOL_EXTENSIONS = YES;
				CLANG_ANALYZER_NONNULL = YES;
				CLANG_ANALYZER_NUMBER_OBJECT_CONVERSION = YES_AGGRESSIVE;
				CLANG_CXX_LANGUAGE_STANDARD = "gnu++20";
				CLANG_ENABLE_MODULES = YES;
				CLANG_ENABLE_OBJC_ARC = YES;
				CLANG_ENABLE_OBJC_WEAK = YES;
				CLANG_WARN_BLOCK_CAPTURE_AUTORELEASING = YES;
				CLANG_WARN_BOOL_CONVERSION = YES;
				CLANG_WARN_COMMA = YES;
				CLANG_WARN_CONSTANT_CONVERSION = YES;
				CLANG_WARN_DEPRECATED_OBJC_IMPLEMENTATIONS = YES;
				CLANG_WARN_DIRECT_OBJC_ISA_USAGE = YES_ERROR;
				CLANG_WARN_DOCUMENTATION_COMMENTS = YES;
				CLANG_WARN_EMPTY_BODY = YES;
				CLANG_WARN_ENUM_CONVERSION = YES;
				CLANG_WARN_INFINITE_RECURSION = YES;
				CLANG_WARN_INT_CONVERSION = YES;
				CLANG_WARN_NON_LITERAL_NULL_CONVERSION = YES;
				CLANG_WARN_OBJC_IMPLICIT_RETAIN_SELF = YES;
				CLANG_WARN_OBJC_LITERAL_CONVERSION = YES;
				CLANG_WARN_OBJC_ROOT_CLASS = YES_ERROR;
				CLANG_WARN_QUOTED_INCLUDE_IN_FRAMEWORK_HEADER = YES;
				CLANG_WARN_RANGE_LOOP_ANALYSIS = YES;
				CLANG_WARN_STRICT_PROTOTYPES = YES;
				CLANG_WARN_SUSPICIOUS_MOVE = YES;
				CLANG_WARN_UNGUARDED_AVAILABILITY = YES_AGGRESSIVE;
				CLANG_WARN_UNREACHABLE_CODE = YES;
				CLANG_WARN__DUPLICATE_METHOD_MATCH = YES;
				COPY_PHASE_STRIP = NO;
				DEBUG_INFORMATION_FORMAT = dwarf;
				ENABLE_STRICT_OBJC_MSGSEND = YES;
				ENABLE_TESTABILITY = YES;
				ENABLE_USER_SCRIPT_SANDBOXING = YES;
				GCC_C_LANGUAGE_STANDARD = gnu17;
				GCC_DYNAMIC_NO_PIC = NO;
				GCC_NO_COMMON_BLOCKS = YES;
				GCC_OPTIMIZATION_LEVEL = 0;
				GCC_PREPROCESSOR_DEFINITIONS = (
					"DEBUG=1",
					"$(inherited)",
				);
				GCC_WARN_64_TO_32_BIT_CONVERSION = YES;
				GCC_WARN_ABOUT_RETURN_TYPE = YES_ERROR;
				GCC_WARN_UNDECLARED_SELECTOR = YES;
				GCC_WARN_UNINITIALIZED_AUTOS = YES_AGGRESSIVE;
				GCC_WARN_UNUSED_FUNCTION = YES;
				GCC_WARN_UNUSED_VARIABLE = YES;
				IPHONEOS_DEPLOYMENT_TARGET = 18.1;
				LOCALIZATION_PREFERS_STRING_CATALOGS = YES;
				MTL_ENABLE_DEBUG_INFO = INCLUDE_SOURCE;
				MTL_FAST_MATH = YES;
				ONLY_ACTIVE_ARCH = YES;
				SDKROOT = iphoneos;
				SWIFT_ACTIVE_COMPILATION_CONDITIONS = "DEBUG $(inherited)";
				SWIFT_OPTIMIZATION_LEVEL = "-Onone";
			};
			name = Debug;
		};
		2F393E422CFBD2ED007B571A /* Release */ = {
			isa = XCBuildConfiguration;
			buildSettings = {
				ALWAYS_SEARCH_USER_PATHS = NO;
				ASSETCATALOG_COMPILER_GENERATE_SWIFT_ASSET_SYMBOL_EXTENSIONS = YES;
				CLANG_ANALYZER_NONNULL = YES;
				CLANG_ANALYZER_NUMBER_OBJECT_CONVERSION = YES_AGGRESSIVE;
				CLANG_CXX_LANGUAGE_STANDARD = "gnu++20";
				CLANG_ENABLE_MODULES = YES;
				CLANG_ENABLE_OBJC_ARC = YES;
				CLANG_ENABLE_OBJC_WEAK = YES;
				CLANG_WARN_BLOCK_CAPTURE_AUTORELEASING = YES;
				CLANG_WARN_BOOL_CONVERSION = YES;
				CLANG_WARN_COMMA = YES;
				CLANG_WARN_CONSTANT_CONVERSION = YES;
				CLANG_WARN_DEPRECATED_OBJC_IMPLEMENTATIONS = YES;
				CLANG_WARN_DIRECT_OBJC_ISA_USAGE = YES_ERROR;
				CLANG_WARN_DOCUMENTATION_COMMENTS = YES;
				CLANG_WARN_EMPTY_BODY = YES;
				CLANG_WARN_ENUM_CONVERSION = YES;
				CLANG_WARN_INFINITE_RECURSION = YES;
				CLANG_WARN_INT_CONVERSION = YES;
				CLANG_WARN_NON_LITERAL_NULL_CONVERSION = YES;
				CLANG_WARN_OBJC_IMPLICIT_RETAIN_SELF = YES;
				CLANG_WARN_OBJC_LITERAL_CONVERSION = YES;
				CLANG_WARN_OBJC_ROOT_CLASS = YES_ERROR;
				CLANG_WARN_QUOTED_INCLUDE_IN_FRAMEWORK_HEADER = YES;
				CLANG_WARN_RANGE_LOOP_ANALYSIS = YES;
				CLANG_WARN_STRICT_PROTOTYPES = YES;
				CLANG_WARN_SUSPICIOUS_MOVE = YES;
				CLANG_WARN_UNGUARDED_AVAILABILITY = YES_AGGRESSIVE;
				CLANG_WARN_UNREACHABLE_CODE = YES;
				CLANG_WARN__DUPLICATE_METHOD_MATCH = YES;
				COPY_PHASE_STRIP = NO;
				DEBUG_INFORMATION_FORMAT = "dwarf-with-dsym";
				ENABLE_NS_ASSERTIONS = NO;
				ENABLE_STRICT_OBJC_MSGSEND = YES;
				ENABLE_USER_SCRIPT_SANDBOXING = YES;
				GCC_C_LANGUAGE_STANDARD = gnu17;
				GCC_NO_COMMON_BLOCKS = YES;
				GCC_WARN_64_TO_32_BIT_CONVERSION = YES;
				GCC_WARN_ABOUT_RETURN_TYPE = YES_ERROR;
				GCC_WARN_UNDECLARED_SELECTOR = YES;
				GCC_WARN_UNINITIALIZED_AUTOS = YES_AGGRESSIVE;
				GCC_WARN_UNUSED_FUNCTION = YES;
				GCC_WARN_UNUSED_VARIABLE = YES;
				IPHONEOS_DEPLOYMENT_TARGET = 18.1;
				LOCALIZATION_PREFERS_STRING_CATALOGS = YES;
				MTL_ENABLE_DEBUG_INFO = NO;
				MTL_FAST_MATH = YES;
				SDKROOT = iphoneos;
				SWIFT_COMPILATION_MODE = wholemodule;
				VALIDATE_PRODUCT = YES;
			};
			name = Release;
		};
		2F393E442CFBD2ED007B571A /* Debug */ = {
			isa = XCBuildConfiguration;
			buildSettings = {
				ASSETCATALOG_COMPILER_APPICON_NAME = AppIcon;
				ASSETCATALOG_COMPILER_GLOBAL_ACCENT_COLOR_NAME = AccentColor;
				CODE_SIGN_STYLE = Automatic;
				CURRENT_PROJECT_VERSION = 1;
				DEVELOPMENT_ASSET_PATHS = "\"weather_cgx/Preview Content\"";
				ENABLE_PREVIEWS = YES;
				GENERATE_INFOPLIST_FILE = YES;
				INFOPLIST_KEY_UIApplicationSceneManifest_Generation = YES;
				INFOPLIST_KEY_UIApplicationSupportsIndirectInputEvents = YES;
				INFOPLIST_KEY_UILaunchScreen_Generation = YES;
				INFOPLIST_KEY_UISupportedInterfaceOrientations_iPad = "UIInterfaceOrientationPortrait UIInterfaceOrientationPortraitUpsideDown UIInterfaceOrientationLandscapeLeft UIInterfaceOrientationLandscapeRight";
				INFOPLIST_KEY_UISupportedInterfaceOrientations_iPhone = "UIInterfaceOrientationPortrait UIInterfaceOrientationLandscapeLeft UIInterfaceOrientationLandscapeRight";
				LD_RUNPATH_SEARCH_PATHS = (
					"$(inherited)",
					"@executable_path/Frameworks",
				);
				MARKETING_VERSION = 1.0;
				PRODUCT_BUNDLE_IDENTIFIER = "tst.weather-cgx";
				PRODUCT_NAME = "$(TARGET_NAME)";
				SWIFT_EMIT_LOC_STRINGS = YES;
				SWIFT_VERSION = 5.0;
				TARGETED_DEVICE_FAMILY = "1,2";
			};
			name = Debug;
		};
		2F393E452CFBD2ED007B571A /* Release */ = {
			isa = XCBuildConfiguration;
			buildSettings = {
				ASSETCATALOG_COMPILER_APPICON_NAME = AppIcon;
				ASSETCATALOG_COMPILER_GLOBAL_ACCENT_COLOR_NAME = AccentColor;
				CODE_SIGN_STYLE = Automatic;
				CURRENT_PROJECT_VERSION = 1;
				DEVELOPMENT_ASSET_PATHS = "\"weather_cgx/Preview Content\"";
				ENABLE_PREVIEWS = YES;
				GENERATE_INFOPLIST_FILE = YES;
				INFOPLIST_KEY_UIApplicationSceneManifest_Generation = YES;
				INFOPLIST_KEY_UIApplicationSupportsIndirectInputEvents = YES;
				INFOPLIST_KEY_UILaunchScreen_Generation = YES;
				INFOPLIST_KEY_UISupportedInterfaceOrientations_iPad = "UIInterfaceOrientationPortrait UIInterfaceOrientationPortraitUpsideDown UIInterfaceOrientationLandscapeLeft UIInterfaceOrientationLandscapeRight";
				INFOPLIST_KEY_UISupportedInterfaceOrientations_iPhone = "UIInterfaceOrientationPortrait UIInterfaceOrientationLandscapeLeft UIInterfaceOrientationLandscapeRight";
				LD_RUNPATH_SEARCH_PATHS = (
					"$(inherited)",
					"@executable_path/Frameworks",
				);
				MARKETING_VERSION = 1.0;
				PRODUCT_BUNDLE_IDENTIFIER = "tst.weather-cgx";
				PRODUCT_NAME = "$(TARGET_NAME)";
				SWIFT_EMIT_LOC_STRINGS = YES;
				SWIFT_VERSION = 5.0;
				TARGETED_DEVICE_FAMILY = "1,2";
			};
			name = Release;
		};
		2F393E472CFBD2ED007B571A /* Debug */ = {
			isa = XCBuildConfiguration;
			buildSettings = {
				BUNDLE_LOADER = "$(TEST_HOST)";
				CODE_SIGN_STYLE = Automatic;
				CURRENT_PROJECT_VERSION = 1;
				GENERATE_INFOPLIST_FILE = YES;
				IPHONEOS_DEPLOYMENT_TARGET = 18.1;
				MARKETING_VERSION = 1.0;
				PRODUCT_BUNDLE_IDENTIFIER = "tst.weather-cgxTests";
				PRODUCT_NAME = "$(TARGET_NAME)";
				SWIFT_EMIT_LOC_STRINGS = NO;
				SWIFT_VERSION = 5.0;
				TARGETED_DEVICE_FAMILY = "1,2";
				TEST_HOST = "$(BUILT_PRODUCTS_DIR)/weather_cgx.app/$(BUNDLE_EXECUTABLE_FOLDER_PATH)/weather_cgx";
			};
			name = Debug;
		};
		2F393E482CFBD2ED007B571A /* Release */ = {
			isa = XCBuildConfiguration;
			buildSettings = {
				BUNDLE_LOADER = "$(TEST_HOST)";
				CODE_SIGN_STYLE = Automatic;
				CURRENT_PROJECT_VERSION = 1;
				GENERATE_INFOPLIST_FILE = YES;
				IPHONEOS_DEPLOYMENT_TARGET = 18.1;
				MARKETING_VERSION = 1.0;
				PRODUCT_BUNDLE_IDENTIFIER = "tst.weather-cgxTests";
				PRODUCT_NAME = "$(TARGET_NAME)";
				SWIFT_EMIT_LOC_STRINGS = NO;
				SWIFT_VERSION = 5.0;
				TARGETED_DEVICE_FAMILY = "1,2";
				TEST_HOST = "$(BUILT_PRODUCTS_DIR)/weather_cgx.app/$(BUNDLE_EXECUTABLE_FOLDER_PATH)/weather_cgx";
			};
			name = Release;
		};
		2F393E4A2CFBD2ED007B571A /* Debug */ = {
			isa = XCBuildConfiguration;
			buildSettings = {
				CODE_SIGN_STYLE = Automatic;
				CURRENT_PROJECT_VERSION = 1;
				GENERATE_INFOPLIST_FILE = YES;
				MARKETING_VERSION = 1.0;
				PRODUCT_BUNDLE_IDENTIFIER = "tst.weather-cgxUITests";
				PRODUCT_NAME = "$(TARGET_NAME)";
				SWIFT_EMIT_LOC_STRINGS = NO;
				SWIFT_VERSION = 5.0;
				TARGETED_DEVICE_FAMILY = "1,2";
				TEST_TARGET_NAME = weather_cgx;
			};
			name = Debug;
		};
		2F393E4B2CFBD2ED007B571A /* Release */ = {
			isa = XCBuildConfiguration;
			buildSettings = {
				CODE_SIGN_STYLE = Automatic;
				CURRENT_PROJECT_VERSION = 1;
				GENERATE_INFOPLIST_FILE = YES;
				MARKETING_VERSION = 1.0;
				PRODUCT_BUNDLE_IDENTIFIER = "tst.weather-cgxUITests";
				PRODUCT_NAME = "$(TARGET_NAME)";
				SWIFT_EMIT_LOC_STRINGS = NO;
				SWIFT_VERSION = 5.0;
				TARGETED_DEVICE_FAMILY = "1,2";
				TEST_TARGET_NAME = weather_cgx;
			};
			name = Release;
		};
/* End XCBuildConfiguration section */

/* Begin XCConfigurationList section */
		2F393E1A2CFBD2EB007B571A /* Build configuration list for PBXProject "weather_cgx" */ = {
			isa = XCConfigurationList;
			buildConfigurations = (
				2F393E412CFBD2ED007B571A /* Debug */,
				2F393E422CFBD2ED007B571A /* Release */,
			);
			defaultConfigurationIsVisible = 0;
			defaultConfigurationName = Release;
		};
		2F393E432CFBD2ED007B571A /* Build configuration list for PBXNativeTarget "weather_cgx" */ = {
			isa = XCConfigurationList;
			buildConfigurations = (
				2F393E442CFBD2ED007B571A /* Debug */,
				2F393E452CFBD2ED007B571A /* Release */,
			);
			defaultConfigurationIsVisible = 0;
			defaultConfigurationName = Release;
		};
		2F393E462CFBD2ED007B571A /* Build configuration list for PBXNativeTarget "weather_cgxTests" */ = {
			isa = XCConfigurationList;
			buildConfigurations = (
				2F393E472CFBD2ED007B571A /* Debug */,
				2F393E482CFBD2ED007B571A /* Release */,
			);
			defaultConfigurationIsVisible = 0;
			defaultConfigurationName = Release;
		};
		2F393E492CFBD2ED007B571A /* Build configuration list for PBXNativeTarget "weather_cgxUITests" */ = {
			isa = XCConfigurationList;
			buildConfigurations = (
				2F393E4A2CFBD2ED007B571A /* Debug */,
				2F393E4B2CFBD2ED007B571A /* Release */,
			);
			defaultConfigurationIsVisible = 0;
			defaultConfigurationName = Release;
		};
/* End XCConfigurationList section */
	};
	rootObject = 2F393E172CFBD2EB007B571A /* Project object */;
}
